<?xml version="1.0" encoding="utf-8"?>
<Project ToolsVersion="4.0" xmlns="http://schemas.microsoft.com/developer/msbuild/2003">
  <ItemGroup>
    <Filter Include="Source Files">
      <UniqueIdentifier>{4FC737F1-C7A5-4376-A066-2A32D752A2FF}</UniqueIdentifier>
      <Extensions>cpp;c;cc;cxx;def;odl;idl;hpj;bat;asm;asmx</Extensions>
    </Filter>
    <Filter Include="Header Files">
      <UniqueIdentifier>{93995380-89BD-4b04-88EB-625FBE52EBFB}</UniqueIdentifier>
      <Extensions>h;hh;hpp;hxx;hm;inl;inc;xsd</Extensions>
    </Filter>
    <Filter Include="Resource Files">
      <UniqueIdentifier>{67DA6AB6-F800-4c08-8B7A-83BB121AAD01}</UniqueIdentifier>
      <Extensions>rc;ico;cur;bmp;dlg;rc2;rct;bin;rgs;gif;jpg;jpeg;jpe;resx;tiff;tif;png;wav;mfcribbon-ms</Extensions>
    </Filter>
    <Filter Include="Header Files\Camera">
      <UniqueIdentifier>{32cc0384-5492-4268-8cbe-11040507bf05}</UniqueIdentifier>
    </Filter>
    <Filter Include="Source Files\Camera">
      <UniqueIdentifier>{8b8e2b42-23d6-402a-9404-90d2ee4ae247}</UniqueIdentifier>
    </Filter>
    <Filter Include="Rednering Geometry">
      <UniqueIdentifier>{b8b12834-e538-4f53-8857-762445856902}</UniqueIdentifier>
    </Filter>
    <Filter Include="Texturing">
      <UniqueIdentifier>{15e10ca0-e0b7-47e5-aac8-362c7892d65c}</UniqueIdentifier>
    </Filter>
    <Filter Include="Lighting">
      <UniqueIdentifier>{28592f1c-a521-427b-823e-7dd1caa894b1}</UniqueIdentifier>
    </Filter>
    <Filter Include="Advanced Texturing">
      <UniqueIdentifier>{c1b2f65c-6d68-494e-b7cf-0e0c8312d110}</UniqueIdentifier>
    </Filter>
    <Filter Include="Quaternions">
      <UniqueIdentifier>{4b8a126f-52d1-4b50-8caf-675d756244ff}</UniqueIdentifier>
    </Filter>
    <Filter Include="Animation">
      <UniqueIdentifier>{322bebb6-1ad6-4cd6-a22b-e5cabe5fa234}</UniqueIdentifier>
    </Filter>
    <Filter Include="Particles">
      <UniqueIdentifier>{4d54b18f-74b9-455d-81ec-3393b0f30fb4}</UniqueIdentifier>
    </Filter>
    <Filter Include="GPU Particles">
      <UniqueIdentifier>{910fdf06-fb9b-4d73-897f-ea364432b382}</UniqueIdentifier>
    </Filter>
    <Filter Include="SceneManagement">
      <UniqueIdentifier>{df533ae1-cb1c-44a5-b48e-9d1dfc36146d}</UniqueIdentifier>
    </Filter>
    <Filter Include="RederTargets">
      <UniqueIdentifier>{c9e6dcff-4991-43d5-b3b0-1bcf5da54302}</UniqueIdentifier>
    </Filter>
    <Filter Include="PostProcess">
      <UniqueIdentifier>{d449cbfa-2385-4a5b-8645-54506b5ec692}</UniqueIdentifier>
    </Filter>
    <Filter Include="ShadowMapping">
      <UniqueIdentifier>{c40dc7ac-81e8-4b5c-ac08-7b621492cc69}</UniqueIdentifier>
    </Filter>
    <Filter Include="DifferedRendering">
      <UniqueIdentifier>{5fde7959-6f4b-4bc6-b4a4-75f08fe473bd}</UniqueIdentifier>
    </Filter>
  </ItemGroup>
  <ItemGroup>
    <ClInclude Include="src\gl_core_4_4.h">
      <Filter>Header Files</Filter>
    </ClInclude>
    <ClInclude Include="src\Gizmos.h">
      <Filter>Header Files</Filter>
    </ClInclude>
    <ClInclude Include="src\Application.h">
      <Filter>Header Files</Filter>
    </ClInclude>
    <ClInclude Include="src\IntroToOpenGl.h">
      <Filter>Header Files</Filter>
    </ClInclude>
    <ClInclude Include="src\CameraAndProjection.h">
      <Filter>Header Files\Camera</Filter>
    </ClInclude>
    <ClInclude Include="src\CameraClass.h">
      <Filter>Header Files\Camera</Filter>
    </ClInclude>
    <ClInclude Include="src\Rendering Geometry.h">
      <Filter>Rednering Geometry</Filter>
    </ClInclude>
    <ClInclude Include="src\glm_header.h">
      <Filter>Header Files</Filter>
    </ClInclude>
    <ClInclude Include="src\Vertex.h">
      <Filter>Rednering Geometry</Filter>
    </ClInclude>
    <ClInclude Include="src\Utility.h">
      <Filter>Rednering Geometry</Filter>
    </ClInclude>
    <ClInclude Include="src\stb_image.h">
      <Filter>Header Files</Filter>
    </ClInclude>
    <ClInclude Include="src\Texturing.h">
      <Filter>Texturing</Filter>
    </ClInclude>
    <ClInclude Include="src\Lighting.h">
      <Filter>Lighting</Filter>
    </ClInclude>
    <ClInclude Include="deps\FBXLoader\FBXFile.h">
      <Filter>Header Files</Filter>
    </ClInclude>
    <ClInclude Include="src\tiny_obj_loader.h">
      <Filter>Header Files</Filter>
    </ClInclude>
    <ClInclude Include="src\AdvancedTexturing.h">
      <Filter>Advanced Texturing</Filter>
    </ClInclude>
    <ClInclude Include="src\Quaternions.h">
      <Filter>Quaternions</Filter>
    </ClInclude>
    <ClInclude Include="src\Animation.h">
      <Filter>Animation</Filter>
    </ClInclude>
    <ClInclude Include="src\Particle.h">
      <Filter>Particles</Filter>
    </ClInclude>
    <ClInclude Include="src\Emitter.h">
      <Filter>Particles</Filter>
    </ClInclude>
    <ClInclude Include="src\GPUParticle.h">
      <Filter>GPU Particles</Filter>
    </ClInclude>
    <ClInclude Include="src\GPUEmitter.h">
      <Filter>GPU Particles</Filter>
    </ClInclude>
    <ClInclude Include="src\Scene.h">
      <Filter>SceneManagement</Filter>
    </ClInclude>
    <ClInclude Include="src\RenderTargets.h">
      <Filter>RederTargets</Filter>
    </ClInclude>
    <ClInclude Include="src\PostProcess.h">
      <Filter>PostProcess</Filter>
    </ClInclude>
    <ClInclude Include="src\ShadowMapping.h">
      <Filter>ShadowMapping</Filter>
    </ClInclude>
    <ClInclude Include="src\DifferedRendering.h">
      <Filter>DifferedRendering</Filter>
    </ClInclude>
  </ItemGroup>
  <ItemGroup>
    <ClCompile Include="src\gl_core_4_4.c">
      <Filter>Source Files</Filter>
    </ClCompile>
    <ClCompile Include="src\Main.cpp">
      <Filter>Source Files</Filter>
    </ClCompile>
    <ClCompile Include="src\Gizmos.cpp">
      <Filter>Source Files</Filter>
    </ClCompile>
    <ClCompile Include="src\Application.cpp">
      <Filter>Source Files</Filter>
    </ClCompile>
    <ClCompile Include="src\IntroToOpenGl.cpp">
      <Filter>Source Files</Filter>
    </ClCompile>
    <ClCompile Include="src\CameraAndProjection.cpp">
      <Filter>Source Files\Camera</Filter>
    </ClCompile>
    <ClCompile Include="src\CameraClass.cpp">
      <Filter>Source Files\Camera</Filter>
    </ClCompile>
    <ClCompile Include="src\Rendering Geometry.cpp">
      <Filter>Rednering Geometry</Filter>
    </ClCompile>
    <ClCompile Include="src\Utility.cpp">
      <Filter>Rednering Geometry</Filter>
    </ClCompile>
    <ClCompile Include="src\Texturing.cpp">
      <Filter>Texturing</Filter>
    </ClCompile>
    <ClCompile Include="src\Lighting.cpp">
      <Filter>Lighting</Filter>
    </ClCompile>
    <ClCompile Include="src\tiny_obj_loader.cc">
      <Filter>Source Files</Filter>
    </ClCompile>
    <ClCompile Include="src\AdvancedTexturing.cpp">
      <Filter>Advanced Texturing</Filter>
    </ClCompile>
    <ClCompile Include="src\Quaternions.cpp">
      <Filter>Quaternions</Filter>
    </ClCompile>
    <ClCompile Include="src\Animation.cpp">
      <Filter>Animation</Filter>
    </ClCompile>
    <ClCompile Include="src\Particle.cpp">
      <Filter>Particles</Filter>
    </ClCompile>
    <ClCompile Include="src\Emitter.cpp">
      <Filter>Particles</Filter>
    </ClCompile>
    <ClCompile Include="src\GPUParticle.cpp">
      <Filter>GPU Particles</Filter>
    </ClCompile>
    <ClCompile Include="src\GPUEmitter.cpp">
      <Filter>GPU Particles</Filter>
    </ClCompile>
    <ClCompile Include="src\Scene.cpp">
      <Filter>SceneManagement</Filter>
    </ClCompile>
    <ClCompile Include="src\RenderTargets.cpp">
      <Filter>RederTargets</Filter>
    </ClCompile>
    <ClCompile Include="src\PostProcess.cpp">
      <Filter>PostProcess</Filter>
    </ClCompile>
    <ClCompile Include="src\ShadowMapping.cpp">
      <Filter>ShadowMapping</Filter>
    </ClCompile>
    <ClCompile Include="src\DifferedRendering.cpp">
      <Filter>DifferedRendering</Filter>
    </ClCompile>
  </ItemGroup>
  <ItemGroup>
    <None Include="src\basic_vertex.vs">
      <Filter>Resource Files</Filter>
    </None>
    <None Include="src\basic_fragmant.glsl">
      <Filter>Resource Files</Filter>
    </None>
    <None Include="data\Shaders\Texture_Vertex.glsl">
      <Filter>Resource Files</Filter>
    </None>
    <None Include="data\Shaders\Texture_Fragmant.glsl">
      <Filter>Resource Files</Filter>
    </None>
    <None Include="data\Shaders\Lighting_Vertex.glsl">
      <Filter>Lighting</Filter>
    </None>
    <None Include="data\Shaders\Lighting_Fragmant.glsl">
      <Filter>Lighting</Filter>
    </None>
    <None Include="data\Shaders\Normal_Map_Vertex.glsl">
      <Filter>Advanced Texturing</Filter>
    </None>
    <None Include="data\Shaders\Normal_Map_Fragment.glsl">
      <Filter>Advanced Texturing</Filter>
    </None>
    <None Include="data\Shaders\AnimationFragment.glsl">
      <Filter>Animation</Filter>
    </None>
    <None Include="data\Shaders\AnimationVertex.glsl">
      <Filter>Animation</Filter>
    </None>
    <None Include="data\Shaders\ParticleVertex.glsl">
      <Filter>Particles</Filter>
    </None>
    <None Include="data\Shaders\ParticleFragment.glsl">
      <Filter>Particles</Filter>
    </None>
    <None Include="data\Shaders\gpuParticleVert.glsl">
      <Filter>GPU Particles</Filter>
    </None>
    <None Include="data\Shaders\gpuParticleFrag.glsl">
      <Filter>GPU Particles</Filter>
    </None>
    <None Include="data\Shaders\gpuParticleGeo.glsl">
      <Filter>GPU Particles</Filter>
    </None>
    <None Include="data\Shaders\ParticleUpdate.glsl">
      <Filter>GPU Particles</Filter>
    </None>
    <None Include="data\Shaders\postVertex.glsl">
      <Filter>PostProcess</Filter>
    </None>
    <None Include="data\Shaders\postFragment.glsl">
      <Filter>PostProcess</Filter>
    </None>
    <None Include="data\Shaders\ShadowVertex.glsl">
      <Filter>ShadowMapping</Filter>
    </None>
    <None Include="data\Shaders\ShadowFragment.glsl">
      <Filter>ShadowMapping</Filter>
    </None>
    <None Include="data\Shaders\ShadowMapVertex.glsl">
      <Filter>PostProcess</Filter>
    </None>
    <None Include="data\Shaders\ShadowMapFragment.glsl">
      <Filter>PostProcess</Filter>
    </None>
    <None Include="data\Shaders\gBufferVertex.glsl">
      <Filter>DifferedRendering</Filter>
    </None>
    <None Include="data\Shaders\gBufferFragment.glsl">
      <Filter>DifferedRendering</Filter>
    </None>
    <None Include="data\Shaders\CompositeVertex.glsl">
      <Filter>DifferedRendering</Filter>
    </None>
    <None Include="data\Shaders\CompositeFragment.glsl">
      <Filter>DifferedRendering</Filter>
    </None>
    <None Include="data\Shaders\DirectionalLightFragment.glsl">
      <Filter>DifferedRendering</Filter>
    </None>
    <None Include="data\Shaders\pointLightVertex.glsl">
      <Filter>DifferedRendering</Filter>
    </None>
    <None Include="data\Shaders\pointLightFragment.glsl">
      <Filter>DifferedRendering</Filter>
    </None>
  </ItemGroup>
</Project>